
Microsoft Visual Studio Solution File, Format Version 12.00
# Visual Studio Version 16
VisualStudioVersion = 16.0.30907.101
MinimumVisualStudioVersion = 10.0.40219.1
Project("{FAE04EC0-301F-11D3-BF4B-00C04F79EFBC}") = "test", "test\test.csproj", "{810A1BD6-B877-4BA4-9C54-50B6E28A5592}"
EndProject
Global
	GlobalSection(SolutionConfigurationPlatforms) = preSolution
		Debug|Any CPU = Debug|Any CPU
		Release|Any CPU = Release|Any CPU
	EndGlobalSection
	GlobalSection(ProjectConfigurationPlatforms) = postSolution
		{810A1BD6-B877-4BA4-9C54-50B6E28A5592}.Debug|Any CPU.ActiveCfg = Debug|Any CPU
		{810A1BD6-B877-4BA4-9C54-50B6E28A5592}.Debug|Any CPU.Build.0 = Debug|Any CPU
		{810A1BD6-B877-4BA4-9C54-50B6E28A5592}.Release|Any CPU.ActiveCfg = Release|Any CPU
		{810A1BD6-B877-4BA4-9C54-50B6E28A5592}.Release|Any CPU.Build.0 = Release|Any CPU
	EndGlobalSection
	GlobalSection(SolutionProperties) = preSolution
		HideSolutionNode = FALSE
	EndGlobalSection
	GlobalSection(ExtensibilityGlobals) = postSolution
		SolutionGuid = {63B07C23-9DD4-4EF0-A49A-45DF2CF5ADBE}
	EndGlobalSection
EndGlobal
